
Microsoft Visual Studio Solution File, Format Version 11.00
# Visual Studio 2010
Project("{2150E333-8FDC-42A3-9474-1A3956D46DE8}") = "Solution Items", "Solution Items", "{19B9E622-F341-4063-9ABE-7D992A8F9DB2}"
EndProject
Project("{FAE04EC0-301F-11D3-BF4B-00C04F79EFBC}") = "EloquaClient", "EloquaClient\EloquaClient.csproj", "{ED7D459B-29D8-4505-AD01-6DF6B76D9B2E}"
EndProject
Global
	GlobalSection(SolutionConfigurationPlatforms) = preSolution
		Debug|Any CPU = Debug|Any CPU
		Release|Any CPU = Release|Any CPU
	EndGlobalSection
	GlobalSection(ProjectConfigurationPlatforms) = postSolution
		{518A833A-D4A3-4F73-B1D4-F1AABBF003D0}.Debug|Any CPU.ActiveCfg = Debug|Any CPU
		{518A833A-D4A3-4F73-B1D4-F1AABBF003D0}.Debug|Any CPU.Build.0 = Debug|Any CPU
		{518A833A-D4A3-4F73-B1D4-F1AABBF003D0}.Release|Any CPU.ActiveCfg = Release|Any CPU
		{518A833A-D4A3-4F73-B1D4-F1AABBF003D0}.Release|Any CPU.Build.0 = Release|Any CPU
		{ED7D459B-29D8-4505-AD01-6DF6B76D9B2E}.Debug|Any CPU.ActiveCfg = Debug|Any CPU
		{ED7D459B-29D8-4505-AD01-6DF6B76D9B2E}.Debug|Any CPU.Build.0 = Debug|Any CPU
		{ED7D459B-29D8-4505-AD01-6DF6B76D9B2E}.Release|Any CPU.ActiveCfg = Release|Any CPU
		{ED7D459B-29D8-4505-AD01-6DF6B76D9B2E}.Release|Any CPU.Build.0 = Release|Any CPU
	EndGlobalSection
	GlobalSection(SolutionProperties) = preSolution
		HideSolutionNode = FALSE
	EndGlobalSection
EndGlobal
